// !$*UTF8*$!
{
	archiveVersion = 1;
	classes = {
	};
	objectVersion = 77;
	objects = {

/* Begin PBXBuildFile section */
		837BF29D2F077D7F0062EB89 /* AppIcon.icon in Resources */ = {isa = PBXBuildFile; fileRef = 837BF29C2F077D7F0062EB89 /* AppIcon.icon */; };
		83EB03B22F00EE8C00CF409A /* Launch Screen.storyboard in Resources */ = {isa = PBXBuildFile; fileRef = 83EB03B12F00EE8C00CF409A /* Launch Screen.storyboard */; };
/* End PBXBuildFile section */

/* Begin PBXContainerItemProxy section */
		8379578C2EFC5C9D007BD177 /* PBXContainerItemProxy */ = {
			isa = PBXContainerItemProxy;
			containerPortal = 837957742EFC5C9C007BD177 /* Project object */;
			proxyType = 1;
			remoteGlobalIDString = 8379577B2EFC5C9C007BD177;
			remoteInfo = Scrobbit;
		};
		837957962EFC5C9D007BD177 /* PBXContainerItemProxy */ = {
			isa = PBXContainerItemProxy;
			containerPortal = 837957742EFC5C9C007BD177 /* Project object */;
			proxyType = 1;
			remoteGlobalIDString = 8379577B2EFC5C9C007BD177;
			remoteInfo = Scrobbit;
		};
/* End PBXContainerItemProxy section */

/* Begin PBXFileReference section */
		8379577C2EFC5C9C007BD177 /* Scrobbit.app */ = {isa = PBXFileReference; explicitFileType = wrapper.application; includeInIndex = 0; path = Scrobbit.app; sourceTree = BUILT_PRODUCTS_DIR; };
		8379578B2EFC5C9D007BD177 /* ScrobbitTests.xctest */ = {isa = PBXFileReference; explicitFileType = wrapper.cfbundle; includeInIndex = 0; path = ScrobbitTests.xctest; sourceTree = BUILT_PRODUCTS_DIR; };
		837957952EFC5C9D007BD177 /* ScrobbitUITests.xctest */ = {isa = PBXFileReference; explicitFileType = wrapper.cfbundle; includeInIndex = 0; path = ScrobbitUITests.xctest; sourceTree = BUILT_PRODUCTS_DIR; };
		837BF29C2F077D7F0062EB89 /* AppIcon.icon */ = {isa = PBXFileReference; lastKnownFileType = folder.iconcomposer.icon; path = AppIcon.icon; sourceTree = "<group>"; };
		83EB03B12F00EE8C00CF409A /* Launch Screen.storyboard */ = {isa = PBXFileReference; lastKnownFileType = file.storyboard; path = "Launch Screen.storyboard"; sourceTree = "<group>"; };
/* End PBXFileReference section */

/* Begin PBXFileSystemSynchronizedBuildFileExceptionSet section */
		83EF9AF62F087E1200C9E57D /* Exceptions for "Scrobbit" folder in "Scrobbit" target */ = {
			isa = PBXFileSystemSynchronizedBuildFileExceptionSet;
			membershipExceptions = (
				Info.plist,
			);
			target = 8379577B2EFC5C9C007BD177 /* Scrobbit */;
		};
/* End PBXFileSystemSynchronizedBuildFileExceptionSet section */

/* Begin PBXFileSystemSynchronizedRootGroup section */
		8379577E2EFC5C9C007BD177 /* Scrobbit */ = {
			isa = PBXFileSystemSynchronizedRootGroup;
			exceptions = (
				83EF9AF62F087E1200C9E57D /* Exceptions for "Scrobbit" folder in "Scrobbit" target */,
			);
			path = Scrobbit;
			sourceTree = "<group>";
		};
		8379578E2EFC5C9D007BD177 /* ScrobbitTests */ = {
			isa = PBXFileSystemSynchronizedRootGroup;
			path = ScrobbitTests;
			sourceTree = "<group>";
		};
		837957982EFC5C9D007BD177 /* ScrobbitUITests */ = {
			isa = PBXFileSystemSynchronizedRootGroup;
			path = ScrobbitUITests;
			sourceTree = "<group>";
		};
/* End PBXFileSystemSynchronizedRootGroup section */

/* Begin PBXFrameworksBuildPhase section */
		837957792EFC5C9C007BD177 /* Frameworks */ = {
			isa = PBXFrameworksBuildPhase;
			buildActionMask = 2147483647;
			files = (
			);
			runOnlyForDeploymentPostprocessing = 0;
		};
		837957882EFC5C9D007BD177 /* Frameworks */ = {
			isa = PBXFrameworksBuildPhase;
			buildActionMask = 2147483647;
			files = (
			);
			runOnlyForDeploymentPostprocessing = 0;
		};
		837957922EFC5C9D007BD177 /* Frameworks */ = {
			isa = PBXFrameworksBuildPhase;
			buildActionMask = 2147483647;
			files = (
			);
			runOnlyForDeploymentPostprocessing = 0;
		};
/* End PBXFrameworksBuildPhase section */

/* Begin PBXGroup section */
		837957732EFC5C9C007BD177 = {
			isa = PBXGroup;
			children = (
				83EB03B12F00EE8C00CF409A /* Launch Screen.storyboard */,
				8379577E2EFC5C9C007BD177 /* Scrobbit */,
				8379578E2EFC5C9D007BD177 /* ScrobbitTests */,
				837957982EFC5C9D007BD177 /* ScrobbitUITests */,
				8379577D2EFC5C9C007BD177 /* Products */,
				837BF29C2F077D7F0062EB89 /* AppIcon.icon */,
			);
			sourceTree = "<group>";
		};
		8379577D2EFC5C9C007BD177 /* Products */ = {
			isa = PBXGroup;
			children = (
				8379577C2EFC5C9C007BD177 /* Scrobbit.app */,
				8379578B2EFC5C9D007BD177 /* ScrobbitTests.xctest */,
				837957952EFC5C9D007BD177 /* ScrobbitUITests.xctest */,
			);
			name = Products;
			sourceTree = "<group>";
		};
/* End PBXGroup section */

/* Begin PBXNativeTarget section */
		8379577B2EFC5C9C007BD177 /* Scrobbit */ = {
			isa = PBXNativeTarget;
			buildConfigurationList = 8379579F2EFC5C9D007BD177 /* Build configuration list for PBXNativeTarget "Scrobbit" */;
			buildPhases = (
				837957782EFC5C9C007BD177 /* Sources */,
				837957792EFC5C9C007BD177 /* Frameworks */,
				8379577A2EFC5C9C007BD177 /* Resources */,
			);
			buildRules = (
			);
			dependencies = (
			);
			fileSystemSynchronizedGroups = (
				8379577E2EFC5C9C007BD177 /* Scrobbit */,
			);
			name = Scrobbit;
			packageProductDependencies = (
			);
			productName = Scrobbit;
			productReference = 8379577C2EFC5C9C007BD177 /* Scrobbit.app */;
			productType = "com.apple.product-type.application";
		};
		8379578A2EFC5C9D007BD177 /* ScrobbitTests */ = {
			isa = PBXNativeTarget;
			buildConfigurationList = 837957A22EFC5C9D007BD177 /* Build configuration list for PBXNativeTarget "ScrobbitTests" */;
			buildPhases = (
				837957872EFC5C9D007BD177 /* Sources */,
				837957882EFC5C9D007BD177 /* Frameworks */,
				837957892EFC5C9D007BD177 /* Resources */,
			);
			buildRules = (
			);
			dependencies = (
				8379578D2EFC5C9D007BD177 /* PBXTargetDependency */,
			);
			fileSystemSynchronizedGroups = (
				8379578E2EFC5C9D007BD177 /* ScrobbitTests */,
			);
			name = ScrobbitTests;
			packageProductDependencies = (
			);
			productName = ScrobbitTests;
			productReference = 8379578B2EFC5C9D007BD177 /* ScrobbitTests.xctest */;
			productType = "com.apple.product-type.bundle.unit-test";
		};
		837957942EFC5C9D007BD177 /* ScrobbitUITests */ = {
			isa = PBXNativeTarget;
			buildConfigurationList = 837957A52EFC5C9D007BD177 /* Build configuration list for PBXNativeTarget "ScrobbitUITests" */;
			buildPhases = (
				837957912EFC5C9D007BD177 /* Sources */,
				837957922EFC5C9D007BD177 /* Frameworks */,
				837957932EFC5C9D007BD177 /* Resources */,
			);
			buildRules = (
			);
			dependencies = (
				837957972EFC5C9D007BD177 /* PBXTargetDependency */,
			);
			fileSystemSynchronizedGroups = (
				837957982EFC5C9D007BD177 /* ScrobbitUITests */,
			);
			name = ScrobbitUITests;
			packageProductDependencies = (
			);
			productName = ScrobbitUITests;
			productReference = 837957952EFC5C9D007BD177 /* ScrobbitUITests.xctest */;
			productType = "com.apple.product-type.bundle.ui-testing";
		};
/* End PBXNativeTarget section */

/* Begin PBXProject section */
		837957742EFC5C9C007BD177 /* Project object */ = {
			isa = PBXProject;
			attributes = {
				BuildIndependentTargetsInParallel = 1;
				LastSwiftUpdateCheck = 2620;
				LastUpgradeCheck = 2620;
				TargetAttributes = {
					8379577B2EFC5C9C007BD177 = {
						CreatedOnToolsVersion = 26.2;
					};
					8379578A2EFC5C9D007BD177 = {
						CreatedOnToolsVersion = 26.2;
						TestTargetID = 8379577B2EFC5C9C007BD177;
					};
					837957942EFC5C9D007BD177 = {
						CreatedOnToolsVersion = 26.2;
						TestTargetID = 8379577B2EFC5C9C007BD177;
					};
				};
			};
			buildConfigurationList = 837957772EFC5C9C007BD177 /* Build configuration list for PBXProject "Scrobbit" */;
			developmentRegion = en;
			hasScannedForEncodings = 0;
			knownRegions = (
				en,
				Base,
			);
			mainGroup = 837957732EFC5C9C007BD177;
			minimizedProjectReferenceProxies = 1;
			preferredProjectObjectVersion = 77;
			productRefGroup = 8379577D2EFC5C9C007BD177 /* Products */;
			projectDirPath = "";
			projectRoot = "";
			targets = (
				8379577B2EFC5C9C007BD177 /* Scrobbit */,
				8379578A2EFC5C9D007BD177 /* ScrobbitTests */,
				837957942EFC5C9D007BD177 /* ScrobbitUITests */,
			);
		};
/* End PBXProject section */

/* Begin PBXResourcesBuildPhase section */
		8379577A2EFC5C9C007BD177 /* Resources */ = {
			isa = PBXResourcesBuildPhase;
			buildActionMask = 2147483647;
			files = (
				83EB03B22F00EE8C00CF409A /* Launch Screen.storyboard in Resources */,
				837BF29D2F077D7F0062EB89 /* AppIcon.icon in Resources */,
			);
			runOnlyForDeploymentPostprocessing = 0;
		};
		837957892EFC5C9D007BD177 /* Resources */ = {
			isa = PBXResourcesBuildPhase;
			buildActionMask = 2147483647;
			files = (
			);
			runOnlyForDeploymentPostprocessing = 0;
		};
		837957932EFC5C9D007BD177 /* Resources */ = {
			isa = PBXResourcesBuildPhase;
			buildActionMask = 2147483647;
			files = (
			);
			runOnlyForDeploymentPostprocessing = 0;
		};
/* End PBXResourcesBuildPhase section */

/* Begin PBXSourcesBuildPhase section */
		837957782EFC5C9C007BD177 /* Sources */ = {
			isa = PBXSourcesBuildPhase;
			buildActionMask = 2147483647;
			files = (
			);
			runOnlyForDeploymentPostprocessing = 0;
		};
		837957872EFC5C9D007BD177 /* Sources */ = {
			isa = PBXSourcesBuildPhase;
			buildActionMask = 2147483647;
			files = (
			);
			runOnlyForDeploymentPostprocessing = 0;
		};
		837957912EFC5C9D007BD177 /* Sources */ = {
			isa = PBXSourcesBuildPhase;
			buildActionMask = 2147483647;
			files = (
			);
			runOnlyForDeploymentPostprocessing = 0;
		};
/* End PBXSourcesBuildPhase section */

/* Begin PBXTargetDependency section */
		8379578D2EFC5C9D007BD177 /* PBXTargetDependency */ = {
			isa = PBXTargetDependency;
			target = 8379577B2EFC5C9C007BD177 /* Scrobbit */;
			targetProxy = 8379578C2EFC5C9D007BD177 /* PBXContainerItemProxy */;
		};
		837957972EFC5C9D007BD177 /* PBXTargetDependency */ = {
			isa = PBXTargetDependency;
			target = 8379577B2EFC5C9C007BD177 /* Scrobbit */;
			targetProxy = 837957962EFC5C9D007BD177 /* PBXContainerItemProxy */;
		};
/* End PBXTargetDependency section */

/* Begin XCBuildConfiguration section */
		8379579D2EFC5C9D007BD177 /* Debug */ = {
			isa = XCBuildConfiguration;
			buildSettings = {
				ALWAYS_SEARCH_USER_PATHS = NO;
				ASSETCATALOG_COMPILER_GENERATE_SWIFT_ASSET_SYMBOL_EXTENSIONS = YES;
				CLANG_ANALYZER_NONNULL = YES;
				CLANG_ANALYZER_NUMBER_OBJECT_CONVERSION = YES_AGGRESSIVE;
				CLANG_CXX_LANGUAGE_STANDARD = "gnu++20";
				CLANG_ENABLE_MODULES = YES;
				CLANG_ENABLE_OBJC_ARC = YES;
				CLANG_ENABLE_OBJC_WEAK = YES;
				CLANG_WARN_BLOCK_CAPTURE_AUTORELEASING = YES;
				CLANG_WARN_BOOL_CONVERSION = YES;
				CLANG_WARN_COMMA = YES;
				CLANG_WARN_CONSTANT_CONVERSION = YES;
				CLANG_WARN_DEPRECATED_OBJC_IMPLEMENTATIONS = YES;
				CLANG_WARN_DIRECT_OBJC_ISA_USAGE = YES_ERROR;
				CLANG_WARN_DOCUMENTATION_COMMENTS = YES;
				CLANG_WARN_EMPTY_BODY = YES;
				CLANG_WARN_ENUM_CONVERSION = YES;
				CLANG_WARN_INFINITE_RECURSION = YES;
				CLANG_WARN_INT_CONVERSION = YES;
				CLANG_WARN_NON_LITERAL_NULL_CONVERSION = YES;
				CLANG_WARN_OBJC_IMPLICIT_RETAIN_SELF = YES;
				CLANG_WARN_OBJC_LITERAL_CONVERSION = YES;
				CLANG_WARN_OBJC_ROOT_CLASS = YES_ERROR;
				CLANG_WARN_QUOTED_INCLUDE_IN_FRAMEWORK_HEADER = YES;
				CLANG_WARN_RANGE_LOOP_ANALYSIS = YES;
				CLANG_WARN_STRICT_PROTOTYPES = YES;
				CLANG_WARN_SUSPICIOUS_MOVE = YES;
				CLANG_WARN_UNGUARDED_AVAILABILITY = YES_AGGRESSIVE;
				CLANG_WARN_UNREACHABLE_CODE = YES;
				CLANG_WARN__DUPLICATE_METHOD_MATCH = YES;
				COPY_PHASE_STRIP = NO;
				DEBUG_INFORMATION_FORMAT = dwarf;
				DEVELOPMENT_TEAM = H2Q833KX49;
				ENABLE_STRICT_OBJC_MSGSEND = YES;
				ENABLE_TESTABILITY = YES;
				ENABLE_USER_SCRIPT_SANDBOXING = YES;
				GCC_C_LANGUAGE_STANDARD = gnu17;
				GCC_DYNAMIC_NO_PIC = NO;
				GCC_NO_COMMON_BLOCKS = YES;
				GCC_OPTIMIZATION_LEVEL = 0;
				GCC_PREPROCESSOR_DEFINITIONS = (
					"DEBUG=1",
					"$(inherited)",
				);
				GCC_WARN_64_TO_32_BIT_CONVERSION = YES;
				GCC_WARN_ABOUT_RETURN_TYPE = YES_ERROR;
				GCC_WARN_UNDECLARED_SELECTOR = YES;
				GCC_WARN_UNINITIALIZED_AUTOS = YES_AGGRESSIVE;
				GCC_WARN_UNUSED_FUNCTION = YES;
				GCC_WARN_UNUSED_VARIABLE = YES;
				IPHONEOS_DEPLOYMENT_TARGET = 26.2;
				LOCALIZATION_PREFERS_STRING_CATALOGS = YES;
				MTL_ENABLE_DEBUG_INFO = INCLUDE_SOURCE;
				MTL_FAST_MATH = YES;
				ONLY_ACTIVE_ARCH = YES;
				SDKROOT = iphoneos;
				SWIFT_ACTIVE_COMPILATION_CONDITIONS = "DEBUG $(inherited)";
				SWIFT_OPTIMIZATION_LEVEL = "-Onone";
			};
			name = Debug;
		};
		8379579E2EFC5C9D007BD177 /* Release */ = {
			isa = XCBuildConfiguration;
			buildSettings = {
				ALWAYS_SEARCH_USER_PATHS = NO;
				ASSETCATALOG_COMPILER_GENERATE_SWIFT_ASSET_SYMBOL_EXTENSIONS = YES;
				CLANG_ANALYZER_NONNULL = YES;
				CLANG_ANALYZER_NUMBER_OBJECT_CONVERSION = YES_AGGRESSIVE;
				CLANG_CXX_LANGUAGE_STANDARD = "gnu++20";
				CLANG_ENABLE_MODULES = YES;
				CLANG_ENABLE_OBJC_ARC = YES;
				CLANG_ENABLE_OBJC_WEAK = YES;
				CLANG_WARN_BLOCK_CAPTURE_AUTORELEASING = YES;
				CLANG_WARN_BOOL_CONVERSION = YES;
				CLANG_WARN_COMMA = YES;
				CLANG_WARN_CONSTANT_CONVERSION = YES;
				CLANG_WARN_DEPRECATED_OBJC_IMPLEMENTATIONS = YES;
				CLANG_WARN_DIRECT_OBJC_ISA_USAGE = YES_ERROR;
				CLANG_WARN_DOCUMENTATION_COMMENTS = YES;
				CLANG_WARN_EMPTY_BODY = YES;
				CLANG_WARN_ENUM_CONVERSION = YES;
				CLANG_WARN_INFINITE_RECURSION = YES;
				CLANG_WARN_INT_CONVERSION = YES;
				CLANG_WARN_NON_LITERAL_NULL_CONVERSION = YES;
				CLANG_WARN_OBJC_IMPLICIT_RETAIN_SELF = YES;
				CLANG_WARN_OBJC_LITERAL_CONVERSION = YES;
				CLANG_WARN_OBJC_ROOT_CLASS = YES_ERROR;
				CLANG_WARN_QUOTED_INCLUDE_IN_FRAMEWORK_HEADER = YES;
				CLANG_WARN_RANGE_LOOP_ANALYSIS = YES;
				CLANG_WARN_STRICT_PROTOTYPES = YES;
				CLANG_WARN_SUSPICIOUS_MOVE = YES;
				CLANG_WARN_UNGUARDED_AVAILABILITY = YES_AGGRESSIVE;
				CLANG_WARN_UNREACHABLE_CODE = YES;
				CLANG_WARN__DUPLICATE_METHOD_MATCH = YES;
				COPY_PHASE_STRIP = NO;
				DEBUG_INFORMATION_FORMAT = "dwarf-with-dsym";
				DEVELOPMENT_TEAM = H2Q833KX49;
				ENABLE_NS_ASSERTIONS = NO;
				ENABLE_STRICT_OBJC_MSGSEND = YES;
				ENABLE_USER_SCRIPT_SANDBOXING = YES;
				GCC_C_LANGUAGE_STANDARD = gnu17;
				GCC_NO_COMMON_BLOCKS = YES;
				GCC_WARN_64_TO_32_BIT_CONVERSION = YES;
				GCC_WARN_ABOUT_RETURN_TYPE = YES_ERROR;
				GCC_WARN_UNDECLARED_SELECTOR = YES;
				GCC_WARN_UNINITIALIZED_AUTOS = YES_AGGRESSIVE;
				GCC_WARN_UNUSED_FUNCTION = YES;
				GCC_WARN_UNUSED_VARIABLE = YES;
				IPHONEOS_DEPLOYMENT_TARGET = 26.2;
				LOCALIZATION_PREFERS_STRING_CATALOGS = YES;
				MTL_ENABLE_DEBUG_INFO = NO;
				MTL_FAST_MATH = YES;
				SDKROOT = iphoneos;
				SWIFT_COMPILATION_MODE = wholemodule;
				VALIDATE_PRODUCT = YES;
			};
			name = Release;
		};
		837957A02EFC5C9D007BD177 /* Debug */ = {
			isa = XCBuildConfiguration;
			buildSettings = {
				ASSETCATALOG_COMPILER_APPICON_NAME = AppIcon;
				ASSETCATALOG_COMPILER_GLOBAL_ACCENT_COLOR_NAME = AccentColor;
				ASSETCATALOG_COMPILER_INCLUDE_ALL_APPICON_ASSETS = NO;
				CODE_SIGN_STYLE = Automatic;
				CURRENT_PROJECT_VERSION = 1;
				DEVELOPMENT_TEAM = H2Q833KX49;
				ENABLE_PREVIEWS = YES;
				GENERATE_INFOPLIST_FILE = YES;
				INFOPLIST_FILE = Scrobbit/Info.plist;
				INFOPLIST_KEY_LSApplicationCategoryType = "public.app-category.music";
				INFOPLIST_KEY_NSAppleMusicUsageDescription = "Scrobbit needs access to Apple Music to push your scrobbles to your Last.fm account.";
				INFOPLIST_KEY_UIApplicationSceneManifest_Generation = YES;
				INFOPLIST_KEY_UIApplicationSupportsIndirectInputEvents = YES;
				INFOPLIST_KEY_UILaunchScreen_Generation = YES;
				INFOPLIST_KEY_UILaunchStoryboardName = "Launch Screen";
				INFOPLIST_KEY_UISupportedInterfaceOrientations_iPad = "UIInterfaceOrientationPortrait UIInterfaceOrientationPortraitUpsideDown UIInterfaceOrientationLandscapeLeft UIInterfaceOrientationLandscapeRight";
				INFOPLIST_KEY_UISupportedInterfaceOrientations_iPhone = "UIInterfaceOrientationPortrait UIInterfaceOrientationLandscapeLeft UIInterfaceOrientationLandscapeRight";
				IPHONEOS_DEPLOYMENT_TARGET = 17.0;
				LASTFM_API_KEY = 57f4856ca302e54e33c8bec34c2fc0a0;
				LASTFM_API_SECRET = 4cd2aa3690005d839d16c596fffb3232;
				LD_RUNPATH_SEARCH_PATHS = (
					"$(inherited)",
					"@executable_path/Frameworks",
				);
				MARKETING_VERSION = 1.0;
				PRODUCT_BUNDLE_IDENTIFIER = com.mattbolanos.Scrobbit;
				PRODUCT_NAME = "$(TARGET_NAME)";
				STRING_CATALOG_GENERATE_SYMBOLS = YES;
				SWIFT_APPROACHABLE_CONCURRENCY = YES;
				SWIFT_DEFAULT_ACTOR_ISOLATION = MainActor;
				SWIFT_EMIT_LOC_STRINGS = YES;
				SWIFT_UPCOMING_FEATURE_MEMBER_IMPORT_VISIBILITY = YES;
				SWIFT_VERSION = 5.0;
				TARGETED_DEVICE_FAMILY = "1,2";
			};
			name = Debug;
		};
		837957A12EFC5C9D007BD177 /* Release */ = {
			isa = XCBuildConfiguration;
			buildSettings = {
				ASSETCATALOG_COMPILER_APPICON_NAME = AppIcon;
				ASSETCATALOG_COMPILER_GLOBAL_ACCENT_COLOR_NAME = AccentColor;
				ASSETCATALOG_COMPILER_INCLUDE_ALL_APPICON_ASSETS = NO;
				CODE_SIGN_STYLE = Automatic;
				CURRENT_PROJECT_VERSION = 1;
				DEVELOPMENT_TEAM = H2Q833KX49;
				ENABLE_PREVIEWS = YES;
				GENERATE_INFOPLIST_FILE = YES;
				INFOPLIST_FILE = Scrobbit/Info.plist;
				INFOPLIST_KEY_LSApplicationCategoryType = "public.app-category.music";
				INFOPLIST_KEY_NSAppleMusicUsageDescription = "Scrobbit needs access to Apple Music to push your scrobbles to your Last.fm account.";
				INFOPLIST_KEY_UIApplicationSceneManifest_Generation = YES;
				INFOPLIST_KEY_UIApplicationSupportsIndirectInputEvents = YES;
				INFOPLIST_KEY_UILaunchScreen_Generation = YES;
				INFOPLIST_KEY_UILaunchStoryboardName = "Launch Screen";
				INFOPLIST_KEY_UISupportedInterfaceOrientations_iPad = "UIInterfaceOrientationPortrait UIInterfaceOrientationPortraitUpsideDown UIInterfaceOrientationLandscapeLeft UIInterfaceOrientationLandscapeRight";
				INFOPLIST_KEY_UISupportedInterfaceOrientations_iPhone = "UIInterfaceOrientationPortrait UIInterfaceOrientationLandscapeLeft UIInterfaceOrientationLandscapeRight";
				IPHONEOS_DEPLOYMENT_TARGET = 17.0;
				LASTFM_API_KEY = 57f4856ca302e54e33c8bec34c2fc0a0;
				LASTFM_API_SECRET = 4cd2aa3690005d839d16c596fffb3232;
				LD_RUNPATH_SEARCH_PATHS = (
					"$(inherited)",
					"@executable_path/Frameworks",
				);
				MARKETING_VERSION = 1.0;
				PRODUCT_BUNDLE_IDENTIFIER = com.mattbolanos.Scrobbit;
				PRODUCT_NAME = "$(TARGET_NAME)";
				STRING_CATALOG_GENERATE_SYMBOLS = YES;
				SWIFT_APPROACHABLE_CONCURRENCY = YES;
				SWIFT_DEFAULT_ACTOR_ISOLATION = MainActor;
				SWIFT_EMIT_LOC_STRINGS = YES;
				SWIFT_UPCOMING_FEATURE_MEMBER_IMPORT_VISIBILITY = YES;
				SWIFT_VERSION = 5.0;
				TARGETED_DEVICE_FAMILY = "1,2";
			};
			name = Release;
		};
		837957A32EFC5C9D007BD177 /* Debug */ = {
			isa = XCBuildConfiguration;
			buildSettings = {
				BUNDLE_LOADER = "$(TEST_HOST)";
				CODE_SIGN_STYLE = Automatic;
				CURRENT_PROJECT_VERSION = 1;
				DEVELOPMENT_TEAM = H2Q833KX49;
				GENERATE_INFOPLIST_FILE = YES;
				IPHONEOS_DEPLOYMENT_TARGET = 26.2;
				MARKETING_VERSION = 1.0;
				PRODUCT_BUNDLE_IDENTIFIER = com.mattbolanos.ScrobbitTests;
				PRODUCT_NAME = "$(TARGET_NAME)";
				STRING_CATALOG_GENERATE_SYMBOLS = NO;
				SWIFT_APPROACHABLE_CONCURRENCY = YES;
				SWIFT_EMIT_LOC_STRINGS = NO;
				SWIFT_UPCOMING_FEATURE_MEMBER_IMPORT_VISIBILITY = YES;
				SWIFT_VERSION = 5.0;
				TARGETED_DEVICE_FAMILY = "1,2";
				TEST_HOST = "$(BUILT_PRODUCTS_DIR)/Scrobbit.app/$(BUNDLE_EXECUTABLE_FOLDER_PATH)/Scrobbit";
			};
			name = Debug;
		};
		837957A42EFC5C9D007BD177 /* Release */ = {
			isa = XCBuildConfiguration;
			buildSettings = {
				BUNDLE_LOADER = "$(TEST_HOST)";
				CODE_SIGN_STYLE = Automatic;
				CURRENT_PROJECT_VERSION = 1;
				DEVELOPMENT_TEAM = H2Q833KX49;
				GENERATE_INFOPLIST_FILE = YES;
				IPHONEOS_DEPLOYMENT_TARGET = 26.2;
				MARKETING_VERSION = 1.0;
				PRODUCT_BUNDLE_IDENTIFIER = com.mattbolanos.ScrobbitTests;
				PRODUCT_NAME = "$(TARGET_NAME)";
				STRING_CATALOG_GENERATE_SYMBOLS = NO;
				SWIFT_APPROACHABLE_CONCURRENCY = YES;
				SWIFT_EMIT_LOC_STRINGS = NO;
				SWIFT_UPCOMING_FEATURE_MEMBER_IMPORT_VISIBILITY = YES;
				SWIFT_VERSION = 5.0;
				TARGETED_DEVICE_FAMILY = "1,2";
				TEST_HOST = "$(BUILT_PRODUCTS_DIR)/Scrobbit.app/$(BUNDLE_EXECUTABLE_FOLDER_PATH)/Scrobbit";
			};
			name = Release;
		};
		837957A62EFC5C9D007BD177 /* Debug */ = {
			isa = XCBuildConfiguration;
			buildSettings = {
				CODE_SIGN_STYLE = Automatic;
				CURRENT_PROJECT_VERSION = 1;
				DEVELOPMENT_TEAM = H2Q833KX49;
				GENERATE_INFOPLIST_FILE = YES;
				MARKETING_VERSION = 1.0;
				PRODUCT_BUNDLE_IDENTIFIER = com.mattbolanos.ScrobbitUITests;
				PRODUCT_NAME = "$(TARGET_NAME)";
				STRING_CATALOG_GENERATE_SYMBOLS = NO;
				SWIFT_APPROACHABLE_CONCURRENCY = YES;
				SWIFT_EMIT_LOC_STRINGS = NO;
				SWIFT_UPCOMING_FEATURE_MEMBER_IMPORT_VISIBILITY = YES;
				SWIFT_VERSION = 5.0;
				TARGETED_DEVICE_FAMILY = "1,2";
				TEST_TARGET_NAME = Scrobbit;
			};
			name = Debug;
		};
		837957A72EFC5C9D007BD177 /* Release */ = {
			isa = XCBuildConfiguration;
			buildSettings = {
				CODE_SIGN_STYLE = Automatic;
				CURRENT_PROJECT_VERSION = 1;
				DEVELOPMENT_TEAM = H2Q833KX49;
				GENERATE_INFOPLIST_FILE = YES;
				MARKETING_VERSION = 1.0;
				PRODUCT_BUNDLE_IDENTIFIER = com.mattbolanos.ScrobbitUITests;
				PRODUCT_NAME = "$(TARGET_NAME)";
				STRING_CATALOG_GENERATE_SYMBOLS = NO;
				SWIFT_APPROACHABLE_CONCURRENCY = YES;
				SWIFT_EMIT_LOC_STRINGS = NO;
				SWIFT_UPCOMING_FEATURE_MEMBER_IMPORT_VISIBILITY = YES;
				SWIFT_VERSION = 5.0;
				TARGETED_DEVICE_FAMILY = "1,2";
				TEST_TARGET_NAME = Scrobbit;
			};
			name = Release;
		};
/* End XCBuildConfiguration section */

/* Begin XCConfigurationList section */
		837957772EFC5C9C007BD177 /* Build configuration list for PBXProject "Scrobbit" */ = {
			isa = XCConfigurationList;
			buildConfigurations = (
				8379579D2EFC5C9D007BD177 /* Debug */,
				8379579E2EFC5C9D007BD177 /* Release */,
			);
			defaultConfigurationIsVisible = 0;
			defaultConfigurationName = Release;
		};
		8379579F2EFC5C9D007BD177 /* Build configuration list for PBXNativeTarget "Scrobbit" */ = {
			isa = XCConfigurationList;
			buildConfigurations = (
				837957A02EFC5C9D007BD177 /* Debug */,
				837957A12EFC5C9D007BD177 /* Release */,
			);
			defaultConfigurationIsVisible = 0;
			defaultConfigurationName = Release;
		};
		837957A22EFC5C9D007BD177 /* Build configuration list for PBXNativeTarget "ScrobbitTests" */ = {
			isa = XCConfigurationList;
			buildConfigurations = (
				837957A32EFC5C9D007BD177 /* Debug */,
				837957A42EFC5C9D007BD177 /* Release */,
			);
			defaultConfigurationIsVisible = 0;
			defaultConfigurationName = Release;
		};
		837957A52EFC5C9D007BD177 /* Build configuration list for PBXNativeTarget "ScrobbitUITests" */ = {
			isa = XCConfigurationList;
			buildConfigurations = (
				837957A62EFC5C9D007BD177 /* Debug */,
				837957A72EFC5C9D007BD177 /* Release */,
			);
			defaultConfigurationIsVisible = 0;
			defaultConfigurationName = Release;
		};
/* End XCConfigurationList section */
	};
	rootObject = 837957742EFC5C9C007BD177 /* Project object */;
}
